{
  "name": "owperf",
  "version": "1.0.0",
  "lockfileVersion": 2,
  "requires": true,
  "packages": {
    "": {
      "name": "owperf",
      "version": "1.0.0",
      "license": "Apache-2.0",
      "dependencies": {
        "btoa": "^1.2.1",
        "child-process-promise": "^2.2.1",
        "cluster": "^0.7.7",
        "commander": "^2.19.0",
        "ini": "^1.3.5",
        "node-exec-promise": "^1.0.2",
        "openwhisk": "^3.21.4",
        "xmlhttprequest": "^1.8.0"
      }
    },
    "node_modules/async-retry": {
      "version": "1.3.3",
      "resolved": "https://registry.npmjs.org/async-retry/-/async-retry-1.3.3.tgz",
      "integrity": "sha512-wfr/jstw9xNi/0teMHrRW7dsz3Lt5ARhYNZ2ewpadnhaIp5mbALhOAP+EAdsC7t4Z6wqsDVv9+W6gm1Dk9mEyw==",
      "dependencies": {
        "retry": "0.13.1"
      }
    },
    "node_modules/btoa": {
      "version": "1.2.1",
      "resolved": "https://registry.npmjs.org/btoa/-/btoa-1.2.1.tgz",
      "integrity": "sha512-SB4/MIGlsiVkMcHmT+pSmIPoNDoHg+7cMzmt3Uxt628MTz2487DKSqK/fuhFBrkuqrYv5UCEnACpF4dTFNKc/g==",
      "bin": {
        "btoa": "bin/btoa.js"
      },
      "engines": {
        "node": ">= 0.4.0"
      }
    },
    "node_modules/child-process-promise": {
      "version": "2.2.1",
      "resolved": "https://registry.npmjs.org/child-process-promise/-/child-process-promise-2.2.1.tgz",
      "integrity": "sha512-Fi4aNdqBsr0mv+jgWxcZ/7rAIC2mgihrptyVI4foh/rrjY/3BNjfP9+oaiFx/fzim+1ZyCNBae0DlyfQhSugog==",
      "dependencies": {
        "cross-spawn": "^4.0.2",
        "node-version": "^1.0.0",
        "promise-polyfill": "^6.0.1"
      }
    },
    "node_modules/cluster": {
      "version": "0.7.7",
      "resolved": "https://registry.npmjs.org/cluster/-/cluster-0.7.7.tgz",
      "integrity": "sha512-16LzEZSoBUgRHSN7NA46ntGnI9tf0NnxTm3KCDvHd6aj4EsBqUbYDN3ImCfjYegBXJZiutULF5rWkcRusMIozQ==",
      "dependencies": {
        "log": ">= 1.2.0",
        "mkdirp": ">= 0.0.1"
      },
      "engines": {
        "node": "*"
      }
    },
    "node_modules/commander": {
      "version": "2.20.3",
      "resolved": "https://registry.npmjs.org/commander/-/commander-2.20.3.tgz",
      "integrity": "sha512-GpVkmM8vF2vQUkj2LvZmD35JxeJOLCwJ9cUkugyk2nuhbv3+mJvpLYYt+0+USMxE+oj+ey/lJEnhZw75x/OMcQ=="
    },
    "node_modules/cross-spawn": {
      "version": "4.0.2",
      "resolved": "https://registry.npmjs.org/cross-spawn/-/cross-spawn-4.0.2.tgz",
      "integrity": "sha512-yAXz/pA1tD8Gtg2S98Ekf/sewp3Lcp3YoFKJ4Hkp5h5yLWnKVTDU0kwjKJ8NDCYcfTLfyGkzTikst+jWypT1iA==",
      "dependencies": {
        "lru-cache": "^4.0.1",
        "which": "^1.2.9"
      }
    },
    "node_modules/d": {
      "version": "1.0.1",
      "resolved": "https://registry.npmjs.org/d/-/d-1.0.1.tgz",
      "integrity": "sha512-m62ShEObQ39CfralilEQRjH6oAMtNCV1xJyEx5LpRYUVN+EviphDgUc/F3hnYbADmkiNs67Y+3ylmlG7Lnu+FA==",
      "dependencies": {
        "es5-ext": "^0.10.50",
        "type": "^1.0.1"
      }
    },
    "node_modules/d/node_modules/type": {
      "version": "1.2.0",
      "resolved": "https://registry.npmjs.org/type/-/type-1.2.0.tgz",
      "integrity": "sha512-+5nt5AAniqsCnu2cEQQdpzCAh33kVx8n0VoFidKpB1dVVLAN/F+bgVOqOJqOnEnrhp222clB5p3vUlD+1QAnfg=="
    },
    "node_modules/debug": {
      "version": "3.2.7",
      "resolved": "https://registry.npmjs.org/debug/-/debug-3.2.7.tgz",
      "integrity": "sha512-CFjzYYAi4ThfiQvizrFQevTTXHtnCqWfe7x1AhgEscTz6ZbLbfoLRLPugTQyBth6f8ZERVUSyWHFD/7Wu4t1XQ==",
      "dependencies": {
        "ms": "^2.1.1"
      }
    },
    "node_modules/duration": {
      "version": "0.2.2",
      "resolved": "https://registry.npmjs.org/duration/-/duration-0.2.2.tgz",
      "integrity": "sha512-06kgtea+bGreF5eKYgI/36A6pLXggY7oR4p1pq4SmdFBn1ReOL5D8RhG64VrqfTTKNucqqtBAwEj8aB88mcqrg==",
      "dependencies": {
        "d": "1",
        "es5-ext": "~0.10.46"
      }
    },
    "node_modules/es5-ext": {
      "version": "0.10.62",
      "resolved": "https://registry.npmjs.org/es5-ext/-/es5-ext-0.10.62.tgz",
      "integrity": "sha512-BHLqn0klhEpnOKSrzn/Xsz2UIW8j+cGmo9JLzr8BiUapV8hPL9+FliFqjwr9ngW7jWdnxv6eO+/LqyhJVqgrjA==",
      "hasInstallScript": true,
      "dependencies": {
        "es6-iterator": "^2.0.3",
        "es6-symbol": "^3.1.3",
        "next-tick": "^1.1.0"
      },
      "engines": {
        "node": ">=0.10"
      }
    },
    "node_modules/es6-iterator": {
      "version": "2.0.3",
      "resolved": "https://registry.npmjs.org/es6-iterator/-/es6-iterator-2.0.3.tgz",
      "integrity": "sha512-zw4SRzoUkd+cl+ZoE15A9o1oQd920Bb0iOJMQkQhl3jNc03YqVjAhG7scf9C5KWRU/R13Orf588uCC6525o02g==",
      "dependencies": {
        "d": "1",
        "es5-ext": "^0.10.35",
        "es6-symbol": "^3.1.1"
      }
    },
    "node_modules/es6-symbol": {
      "version": "3.1.3",
      "resolved": "https://registry.npmjs.org/es6-symbol/-/es6-symbol-3.1.3.tgz",
      "integrity": "sha512-NJ6Yn3FuDinBaBRWl/q5X/s4koRHBrgKAu+yGI6JCBeiu3qrcbJhwT2GeR/EXVfylRk8dpQVJoLEFhK+Mu31NA==",
      "dependencies": {
        "d": "^1.0.1",
        "ext": "^1.1.2"
      }
    },
    "node_modules/event-emitter": {
      "version": "0.3.5",
      "resolved": "https://registry.npmjs.org/event-emitter/-/event-emitter-0.3.5.tgz",
      "integrity": "sha512-D9rRn9y7kLPnJ+hMq7S/nhvoKwwvVJahBi2BPmx3bvbsEdK3W9ii8cBSGjP+72/LnM4n6fo3+dkCX5FeTQruXA==",
      "dependencies": {
        "d": "1",
        "es5-ext": "~0.10.14"
      }
    },
    "node_modules/ext": {
      "version": "1.7.0",
      "resolved": "https://registry.npmjs.org/ext/-/ext-1.7.0.tgz",
      "integrity": "sha512-6hxeJYaL110a9b5TEJSj0gojyHQAmA2ch5Os+ySCiA1QGdS697XWY1pzsrSjqA9LDEEgdB/KypIlR59RcLuHYw==",
      "dependencies": {
        "type": "^2.7.2"
      }
    },
    "node_modules/iconv-lite": {
      "version": "0.4.24",
      "resolved": "https://registry.npmjs.org/iconv-lite/-/iconv-lite-0.4.24.tgz",
      "integrity": "sha512-v3MXnZAcvnywkTUEZomIActle7RXXeedOR31wwl7VlyoXO4Qi9arvSenNQWne1TcRwhCL1HwLI21bEqdpj8/rA==",
      "dependencies": {
        "safer-buffer": ">= 2.1.2 < 3"
      },
      "engines": {
        "node": ">=0.10.0"
      }
    },
    "node_modules/ini": {
      "version": "1.3.8",
      "resolved": "https://registry.npmjs.org/ini/-/ini-1.3.8.tgz",
      "integrity": "sha512-JV/yugV2uzW5iMRSiZAyDtQd+nxtUnjeLt0acNdw98kKLrvuRVyB80tsREOE7yvGVgalhZ6RNXCmEHkUKBKxew=="
    },
    "node_modules/isexe": {
      "version": "2.0.0",
      "resolved": "https://registry.npmjs.org/isexe/-/isexe-2.0.0.tgz",
      "integrity": "sha512-RHxMLp9lnKHGHRng9QFhRCMbYAcVpn69smSGcq3f36xjgVVWThj4qqLbTLlq7Ssj8B+fIQ1EuCEGI2lKsyQeIw=="
    },
    "node_modules/log": {
      "version": "6.3.1",
      "resolved": "https://registry.npmjs.org/log/-/log-6.3.1.tgz",
      "integrity": "sha512-McG47rJEWOkXTDioZzQNydAVvZNeEkSyLJ1VWkFwfW+o1knW+QSi8D1KjPn/TnctV+q99lkvJNe1f0E1IjfY2A==",
      "dependencies": {
        "d": "^1.0.1",
        "duration": "^0.2.2",
        "es5-ext": "^0.10.53",
        "event-emitter": "^0.3.5",
        "sprintf-kit": "^2.0.1",
        "type": "^2.5.0",
        "uni-global": "^1.0.0"
      }
    },
    "node_modules/lru-cache": {
      "version": "4.1.5",
      "resolved": "https://registry.npmjs.org/lru-cache/-/lru-cache-4.1.5.tgz",
      "integrity": "sha512-sWZlbEP2OsHNkXrMl5GYk/jKk70MBng6UU4YI/qGDYbgf6YbP4EvmqISbXCoJiRKs+1bSpFHVgQxvJ17F2li5g==",
      "dependencies": {
        "pseudomap": "^1.0.2",
        "yallist": "^2.1.2"
      }
    },
    "node_modules/mkdirp": {
      "version": "1.0.4",
      "resolved": "https://registry.npmjs.org/mkdirp/-/mkdirp-1.0.4.tgz",
      "integrity": "sha512-vVqVZQyf3WLx2Shd0qJ9xuvqgAyKPLAiqITEtqW0oIUjzo3PePDd6fW9iFz30ef7Ysp/oiWqbhszeGWW2T6Gzw==",
      "bin": {
        "mkdirp": "bin/cmd.js"
      },
      "engines": {
        "node": ">=10"
      }
    },
    "node_modules/ms": {
      "version": "2.1.3",
      "resolved": "https://registry.npmjs.org/ms/-/ms-2.1.3.tgz",
      "integrity": "sha512-6FlzubTLZG3J2a/NVCAleEhjzq5oxgHyaCU9yYXvcLsvoVaHJq/s5xXI6/XXP6tz7R9xAOtHnSO/tXtF3WRTlA=="
    },
    "node_modules/needle": {
      "version": "2.9.1",
      "resolved": "https://registry.npmjs.org/needle/-/needle-2.9.1.tgz",
      "integrity": "sha512-6R9fqJ5Zcmf+uYaFgdIHmLwNldn5HbK8L5ybn7Uz+ylX/rnOsSp1AHcvQSrCaFN+qNM1wpymHqD7mVasEOlHGQ==",
      "dependencies": {
        "debug": "^3.2.6",
        "iconv-lite": "^0.4.4",
        "sax": "^1.2.4"
      },
      "bin": {
        "needle": "bin/needle"
      },
      "engines": {
        "node": ">= 4.4.x"
      }
    },
    "node_modules/next-tick": {
      "version": "1.1.0",
      "resolved": "https://registry.npmjs.org/next-tick/-/next-tick-1.1.0.tgz",
      "integrity": "sha512-CXdUiJembsNjuToQvxayPZF9Vqht7hewsvy2sOWafLvi2awflj9mOC6bHIg50orX8IJvWKY9wYQ/zB2kogPslQ=="
    },
    "node_modules/node-exec-promise": {
      "version": "1.0.2",
      "resolved": "https://registry.npmjs.org/node-exec-promise/-/node-exec-promise-1.0.2.tgz",
      "integrity": "sha512-/mgQ9axpTpEftV9wgAdi6ApLFGjkpd0R6zoe70vYcoiDqC2WkQIrkiHhHItbdKVJZwQH6vnntSI7UrN4EvFgIw=="
    },
    "node_modules/node-version": {
      "version": "1.2.0",
      "resolved": "https://registry.npmjs.org/node-version/-/node-version-1.2.0.tgz",
      "integrity": "sha512-ma6oU4Sk0qOoKEAymVoTvk8EdXEobdS7m/mAGhDJ8Rouugho48crHBORAmy5BoOcv8wraPM6xumapQp5hl4iIQ==",
      "engines": {
        "node": ">=6.0.0"
      }
    },
    "node_modules/openwhisk": {
      "version": "3.21.7",
      "resolved": "https://registry.npmjs.org/openwhisk/-/openwhisk-3.21.7.tgz",
      "integrity": "sha512-mxMdZlk+U8k+EPc2/4sdXs2JgxzKtpqeKicJG/zgeocZeSpDFhte07U/2h1rVPq8S5VTMsN/jU+Ua65/QTzAlg==",
      "dependencies": {
        "async-retry": "^1.3.3",
        "needle": "^2.4.0"
      },
      "engines": {
        "node": ">=6.0.0"
      }
    },
    "node_modules/promise-polyfill": {
      "version": "6.1.0",
      "resolved": "https://registry.npmjs.org/promise-polyfill/-/promise-polyfill-6.1.0.tgz",
      "integrity": "sha512-g0LWaH0gFsxovsU7R5LrrhHhWAWiHRnh1GPrhXnPgYsDkIqjRYUYSZEsej/wtleDrz5xVSIDbeKfidztp2XHFQ=="
    },
    "node_modules/pseudomap": {
      "version": "1.0.2",
      "resolved": "https://registry.npmjs.org/pseudomap/-/pseudomap-1.0.2.tgz",
      "integrity": "sha512-b/YwNhb8lk1Zz2+bXXpS/LK9OisiZZ1SNsSLxN1x2OXVEhW2Ckr/7mWE5vrC1ZTiJlD9g19jWszTmJsB+oEpFQ=="
    },
    "node_modules/retry": {
      "version": "0.13.1",
      "resolved": "https://registry.npmjs.org/retry/-/retry-0.13.1.tgz",
      "integrity": "sha512-XQBQ3I8W1Cge0Seh+6gjj03LbmRFWuoszgK9ooCpwYIrhhoO80pfq4cUkU5DkknwfOfFteRwlZ56PYOGYyFWdg==",
      "engines": {
        "node": ">= 4"
      }
    },
    "node_modules/safer-buffer": {
      "version": "2.1.2",
      "resolved": "https://registry.npmjs.org/safer-buffer/-/safer-buffer-2.1.2.tgz",
      "integrity": "sha512-YZo3K82SD7Riyi0E1EQPojLz7kpepnSQI9IyPbHHg1XXXevb5dJI7tpyN2ADxGcQbHG7vcyRHk0cbwqcQriUtg=="
    },
    "node_modules/sax": {
      "version": "1.2.4",
      "resolved": "https://registry.npmjs.org/sax/-/sax-1.2.4.tgz",
      "integrity": "sha512-NqVDv9TpANUjFm0N8uM5GxL36UgKi9/atZw+x7YFnQ8ckwFGKrl4xX4yWtrey3UJm5nP1kUbnYgLopqWNSRhWw=="
    },
    "node_modules/sprintf-kit": {
      "version": "2.0.1",
      "resolved": "https://registry.npmjs.org/sprintf-kit/-/sprintf-kit-2.0.1.tgz",
      "integrity": "sha512-2PNlcs3j5JflQKcg4wpdqpZ+AjhQJ2OZEo34NXDtlB0tIPG84xaaXhpA8XFacFiwjKA4m49UOYG83y3hbMn/gQ==",
      "dependencies": {
        "es5-ext": "^0.10.53"
      }
    },
    "node_modules/type": {
      "version": "2.7.2",
      "resolved": "https://registry.npmjs.org/type/-/type-2.7.2.tgz",
      "integrity": "sha512-dzlvlNlt6AXU7EBSfpAscydQ7gXB+pPGsPnfJnZpiNJBDj7IaJzQlBZYGdEi4R9HmPdBv2XmWJ6YUtoTa7lmCw=="
    },
    "node_modules/uni-global": {
      "version": "1.0.0",
      "resolved": "https://registry.npmjs.org/uni-global/-/uni-global-1.0.0.tgz",
      "integrity": "sha512-WWM3HP+siTxzIWPNUg7hZ4XO8clKi6NoCAJJWnuRL+BAqyFXF8gC03WNyTefGoUXYc47uYgXxpKLIEvo65PEHw==",
      "dependencies": {
        "type": "^2.5.0"
      }
    },
    "node_modules/which": {
      "version": "1.3.1",
      "resolved": "https://registry.npmjs.org/which/-/which-1.3.1.tgz",
      "integrity": "sha512-HxJdYWq1MTIQbJ3nw0cqssHoTNU267KlrDuGZ1WYlxDStUtKUhOaJmh112/TZmHxxUfuJqPXSOm7tDyas0OSIQ==",
      "dependencies": {
        "isexe": "^2.0.0"
      },
      "bin": {
        "which": "bin/which"
      }
    },
    "node_modules/xmlhttprequest": {
      "version": "1.8.0",
      "resolved": "https://registry.npmjs.org/xmlhttprequest/-/xmlhttprequest-1.8.0.tgz",
      "integrity": "sha512-58Im/U0mlVBLM38NdZjHyhuMtCqa61469k2YP/AaPbvCoV9aQGUpbJBj1QRm2ytRiVQBD/fsw7L2bJGDVQswBA==",
      "engines": {
        "node": ">=0.4.0"
      }
    },
    "node_modules/yallist": {
      "version": "2.1.2",
      "resolved": "https://registry.npmjs.org/yallist/-/yallist-2.1.2.tgz",
      "integrity": "sha512-ncTzHV7NvsQZkYe1DW7cbDLm0YpzHmZF5r/iyP3ZnQtMiJ+pjzisCiMNI+Sj+xQF5pXhSHxSB3uDbsBTzY/c2A=="
    }
  },
  "dependencies": {
    "async-retry": {
      "version": "1.3.3",
      "resolved": "https://registry.npmjs.org/async-retry/-/async-retry-1.3.3.tgz",
      "integrity": "sha512-wfr/jstw9xNi/0teMHrRW7dsz3Lt5ARhYNZ2ewpadnhaIp5mbALhOAP+EAdsC7t4Z6wqsDVv9+W6gm1Dk9mEyw==",
      "requires": {
        "retry": "0.13.1"
      }
    },
    "btoa": {
      "version": "1.2.1",
      "resolved": "https://registry.npmjs.org/btoa/-/btoa-1.2.1.tgz",
      "integrity": "sha512-SB4/MIGlsiVkMcHmT+pSmIPoNDoHg+7cMzmt3Uxt628MTz2487DKSqK/fuhFBrkuqrYv5UCEnACpF4dTFNKc/g=="
    },
    "child-process-promise": {
      "version": "2.2.1",
      "resolved": "https://registry.npmjs.org/child-process-promise/-/child-process-promise-2.2.1.tgz",
      "integrity": "sha512-Fi4aNdqBsr0mv+jgWxcZ/7rAIC2mgihrptyVI4foh/rrjY/3BNjfP9+oaiFx/fzim+1ZyCNBae0DlyfQhSugog==",
      "requires": {
        "cross-spawn": "^4.0.2",
        "node-version": "^1.0.0",
        "promise-polyfill": "^6.0.1"
      }
    },
    "cluster": {
      "version": "0.7.7",
      "resolved": "https://registry.npmjs.org/cluster/-/cluster-0.7.7.tgz",
      "integrity": "sha512-16LzEZSoBUgRHSN7NA46ntGnI9tf0NnxTm3KCDvHd6aj4EsBqUbYDN3ImCfjYegBXJZiutULF5rWkcRusMIozQ==",
      "requires": {
        "log": ">= 1.2.0",
        "mkdirp": ">= 0.0.1"
      }
    },
    "commander": {
      "version": "2.20.3",
      "resolved": "https://registry.npmjs.org/commander/-/commander-2.20.3.tgz",
      "integrity": "sha512-GpVkmM8vF2vQUkj2LvZmD35JxeJOLCwJ9cUkugyk2nuhbv3+mJvpLYYt+0+USMxE+oj+ey/lJEnhZw75x/OMcQ=="
    },
    "cross-spawn": {
      "version": "4.0.2",
      "resolved": "https://registry.npmjs.org/cross-spawn/-/cross-spawn-4.0.2.tgz",
      "integrity": "sha512-yAXz/pA1tD8Gtg2S98Ekf/sewp3Lcp3YoFKJ4Hkp5h5yLWnKVTDU0kwjKJ8NDCYcfTLfyGkzTikst+jWypT1iA==",
      "requires": {
        "lru-cache": "^4.0.1",
        "which": "^1.2.9"
      }
    },
    "d": {
      "version": "1.0.1",
      "resolved": "https://registry.npmjs.org/d/-/d-1.0.1.tgz",
      "integrity": "sha512-m62ShEObQ39CfralilEQRjH6oAMtNCV1xJyEx5LpRYUVN+EviphDgUc/F3hnYbADmkiNs67Y+3ylmlG7Lnu+FA==",
      "requires": {
        "es5-ext": "^0.10.50",
        "type": "^1.0.1"
      },
      "dependencies": {
        "type": {
          "version": "1.2.0",
          "resolved": "https://registry.npmjs.org/type/-/type-1.2.0.tgz",
          "integrity": "sha512-+5nt5AAniqsCnu2cEQQdpzCAh33kVx8n0VoFidKpB1dVVLAN/F+bgVOqOJqOnEnrhp222clB5p3vUlD+1QAnfg=="
        }
      }
    },
    "debug": {
      "version": "3.2.7",
      "resolved": "https://registry.npmjs.org/debug/-/debug-3.2.7.tgz",
      "integrity": "sha512-CFjzYYAi4ThfiQvizrFQevTTXHtnCqWfe7x1AhgEscTz6ZbLbfoLRLPugTQyBth6f8ZERVUSyWHFD/7Wu4t1XQ==",
      "requires": {
        "ms": "^2.1.1"
      }
    },
    "duration": {
      "version": "0.2.2",
      "resolved": "https://registry.npmjs.org/duration/-/duration-0.2.2.tgz",
      "integrity": "sha512-06kgtea+bGreF5eKYgI/36A6pLXggY7oR4p1pq4SmdFBn1ReOL5D8RhG64VrqfTTKNucqqtBAwEj8aB88mcqrg==",
      "requires": {
        "d": "1",
        "es5-ext": "~0.10.46"
      }
    },
    "es5-ext": {
      "version": "0.10.62",
      "resolved": "https://registry.npmjs.org/es5-ext/-/es5-ext-0.10.62.tgz",
      "integrity": "sha512-BHLqn0klhEpnOKSrzn/Xsz2UIW8j+cGmo9JLzr8BiUapV8hPL9+FliFqjwr9ngW7jWdnxv6eO+/LqyhJVqgrjA==",
      "requires": {
        "es6-iterator": "^2.0.3",
        "es6-symbol": "^3.1.3",
        "next-tick": "^1.1.0"
      }
    },
    "es6-iterator": {
      "version": "2.0.3",
      "resolved": "https://registry.npmjs.org/es6-iterator/-/es6-iterator-2.0.3.tgz",
      "integrity": "sha512-zw4SRzoUkd+cl+ZoE15A9o1oQd920Bb0iOJMQkQhl3jNc03YqVjAhG7scf9C5KWRU/R13Orf588uCC6525o02g==",
      "requires": {
        "d": "1",
        "es5-ext": "^0.10.35",
        "es6-symbol": "^3.1.1"
      }
    },
    "es6-symbol": {
      "version": "3.1.3",
      "resolved": "https://registry.npmjs.org/es6-symbol/-/es6-symbol-3.1.3.tgz",
      "integrity": "sha512-NJ6Yn3FuDinBaBRWl/q5X/s4koRHBrgKAu+yGI6JCBeiu3qrcbJhwT2GeR/EXVfylRk8dpQVJoLEFhK+Mu31NA==",
      "requires": {
        "d": "^1.0.1",
        "ext": "^1.1.2"
      }
    },
    "event-emitter": {
      "version": "0.3.5",
      "resolved": "https://registry.npmjs.org/event-emitter/-/event-emitter-0.3.5.tgz",
      "integrity": "sha512-D9rRn9y7kLPnJ+hMq7S/nhvoKwwvVJahBi2BPmx3bvbsEdK3W9ii8cBSGjP+72/LnM4n6fo3+dkCX5FeTQruXA==",
      "requires": {
        "d": "1",
        "es5-ext": "~0.10.14"
      }
    },
    "ext": {
      "version": "1.7.0",
      "resolved": "https://registry.npmjs.org/ext/-/ext-1.7.0.tgz",
      "integrity": "sha512-6hxeJYaL110a9b5TEJSj0gojyHQAmA2ch5Os+ySCiA1QGdS697XWY1pzsrSjqA9LDEEgdB/KypIlR59RcLuHYw==",
      "requires": {
        "type": "^2.7.2"
      }
    },
    "iconv-lite": {
      "version": "0.4.24",
      "resolved": "https://registry.npmjs.org/iconv-lite/-/iconv-lite-0.4.24.tgz",
      "integrity": "sha512-v3MXnZAcvnywkTUEZomIActle7RXXeedOR31wwl7VlyoXO4Qi9arvSenNQWne1TcRwhCL1HwLI21bEqdpj8/rA==",
      "requires": {
        "safer-buffer": ">= 2.1.2 < 3"
      }
    },
    "ini": {
      "version": "1.3.8",
      "resolved": "https://registry.npmjs.org/ini/-/ini-1.3.8.tgz",
      "integrity": "sha512-JV/yugV2uzW5iMRSiZAyDtQd+nxtUnjeLt0acNdw98kKLrvuRVyB80tsREOE7yvGVgalhZ6RNXCmEHkUKBKxew=="
    },
    "isexe": {
      "version": "2.0.0",
      "resolved": "https://registry.npmjs.org/isexe/-/isexe-2.0.0.tgz",
      "integrity": "sha512-RHxMLp9lnKHGHRng9QFhRCMbYAcVpn69smSGcq3f36xjgVVWThj4qqLbTLlq7Ssj8B+fIQ1EuCEGI2lKsyQeIw=="
    },
    "log": {
      "version": "6.3.1",
      "resolved": "https://registry.npmjs.org/log/-/log-6.3.1.tgz",
      "integrity": "sha512-McG47rJEWOkXTDioZzQNydAVvZNeEkSyLJ1VWkFwfW+o1knW+QSi8D1KjPn/TnctV+q99lkvJNe1f0E1IjfY2A==",
      "requires": {
        "d": "^1.0.1",
        "duration": "^0.2.2",
        "es5-ext": "^0.10.53",
        "event-emitter": "^0.3.5",
        "sprintf-kit": "^2.0.1",
        "type": "^2.5.0",
        "uni-global": "^1.0.0"
      }
    },
    "lru-cache": {
      "version": "4.1.5",
      "resolved": "https://registry.npmjs.org/lru-cache/-/lru-cache-4.1.5.tgz",
      "integrity": "sha512-sWZlbEP2OsHNkXrMl5GYk/jKk70MBng6UU4YI/qGDYbgf6YbP4EvmqISbXCoJiRKs+1bSpFHVgQxvJ17F2li5g==",
      "requires": {
        "pseudomap": "^1.0.2",
        "yallist": "^2.1.2"
      }
    },
    "mkdirp": {
      "version": "1.0.4",
      "resolved": "https://registry.npmjs.org/mkdirp/-/mkdirp-1.0.4.tgz",
      "integrity": "sha512-vVqVZQyf3WLx2Shd0qJ9xuvqgAyKPLAiqITEtqW0oIUjzo3PePDd6fW9iFz30ef7Ysp/oiWqbhszeGWW2T6Gzw=="
    },
    "ms": {
      "version": "2.1.3",
      "resolved": "https://registry.npmjs.org/ms/-/ms-2.1.3.tgz",
      "integrity": "sha512-6FlzubTLZG3J2a/NVCAleEhjzq5oxgHyaCU9yYXvcLsvoVaHJq/s5xXI6/XXP6tz7R9xAOtHnSO/tXtF3WRTlA=="
    },
    "needle": {
      "version": "2.9.1",
      "resolved": "https://registry.npmjs.org/needle/-/needle-2.9.1.tgz",
      "integrity": "sha512-6R9fqJ5Zcmf+uYaFgdIHmLwNldn5HbK8L5ybn7Uz+ylX/rnOsSp1AHcvQSrCaFN+qNM1wpymHqD7mVasEOlHGQ==",
      "requires": {
        "debug": "^3.2.6",
        "iconv-lite": "^0.4.4",
        "sax": "^1.2.4"
      }
    },
    "next-tick": {
      "version": "1.1.0",
      "resolved": "https://registry.npmjs.org/next-tick/-/next-tick-1.1.0.tgz",
      "integrity": "sha512-CXdUiJembsNjuToQvxayPZF9Vqht7hewsvy2sOWafLvi2awflj9mOC6bHIg50orX8IJvWKY9wYQ/zB2kogPslQ=="
    },
    "node-exec-promise": {
      "version": "1.0.2",
      "resolved": "https://registry.npmjs.org/node-exec-promise/-/node-exec-promise-1.0.2.tgz",
      "integrity": "sha512-/mgQ9axpTpEftV9wgAdi6ApLFGjkpd0R6zoe70vYcoiDqC2WkQIrkiHhHItbdKVJZwQH6vnntSI7UrN4EvFgIw=="
    },
    "node-version": {
      "version": "1.2.0",
      "resolved": "https://registry.npmjs.org/node-version/-/node-version-1.2.0.tgz",
      "integrity": "sha512-ma6oU4Sk0qOoKEAymVoTvk8EdXEobdS7m/mAGhDJ8Rouugho48crHBORAmy5BoOcv8wraPM6xumapQp5hl4iIQ=="
    },
    "openwhisk": {
      "version": "3.21.7",
      "resolved": "https://registry.npmjs.org/openwhisk/-/openwhisk-3.21.7.tgz",
      "integrity": "sha512-mxMdZlk+U8k+EPc2/4sdXs2JgxzKtpqeKicJG/zgeocZeSpDFhte07U/2h1rVPq8S5VTMsN/jU+Ua65/QTzAlg==",
      "requires": {
        "async-retry": "^1.3.3",
        "needle": "^2.4.0"
      }
    },
    "promise-polyfill": {
      "version": "6.1.0",
      "resolved": "https://registry.npmjs.org/promise-polyfill/-/promise-polyfill-6.1.0.tgz",
      "integrity": "sha512-g0LWaH0gFsxovsU7R5LrrhHhWAWiHRnh1GPrhXnPgYsDkIqjRYUYSZEsej/wtleDrz5xVSIDbeKfidztp2XHFQ=="
    },
    "pseudomap": {
      "version": "1.0.2",
      "resolved": "https://registry.npmjs.org/pseudomap/-/pseudomap-1.0.2.tgz",
      "integrity": "sha512-b/YwNhb8lk1Zz2+bXXpS/LK9OisiZZ1SNsSLxN1x2OXVEhW2Ckr/7mWE5vrC1ZTiJlD9g19jWszTmJsB+oEpFQ=="
    },
    "retry": {
      "version": "0.13.1",
      "resolved": "https://registry.npmjs.org/retry/-/retry-0.13.1.tgz",
      "integrity": "sha512-XQBQ3I8W1Cge0Seh+6gjj03LbmRFWuoszgK9ooCpwYIrhhoO80pfq4cUkU5DkknwfOfFteRwlZ56PYOGYyFWdg=="
    },
    "safer-buffer": {
      "version": "2.1.2",
      "resolved": "https://registry.npmjs.org/safer-buffer/-/safer-buffer-2.1.2.tgz",
      "integrity": "sha512-YZo3K82SD7Riyi0E1EQPojLz7kpepnSQI9IyPbHHg1XXXevb5dJI7tpyN2ADxGcQbHG7vcyRHk0cbwqcQriUtg=="
    },
    "sax": {
      "version": "1.2.4",
      "resolved": "https://registry.npmjs.org/sax/-/sax-1.2.4.tgz",
      "integrity": "sha512-NqVDv9TpANUjFm0N8uM5GxL36UgKi9/atZw+x7YFnQ8ckwFGKrl4xX4yWtrey3UJm5nP1kUbnYgLopqWNSRhWw=="
    },
    "sprintf-kit": {
      "version": "2.0.1",
      "resolved": "https://registry.npmjs.org/sprintf-kit/-/sprintf-kit-2.0.1.tgz",
      "integrity": "sha512-2PNlcs3j5JflQKcg4wpdqpZ+AjhQJ2OZEo34NXDtlB0tIPG84xaaXhpA8XFacFiwjKA4m49UOYG83y3hbMn/gQ==",
      "requires": {
        "es5-ext": "^0.10.53"
      }
    },
    "type": {
      "version": "2.7.2",
      "resolved": "https://registry.npmjs.org/type/-/type-2.7.2.tgz",
      "integrity": "sha512-dzlvlNlt6AXU7EBSfpAscydQ7gXB+pPGsPnfJnZpiNJBDj7IaJzQlBZYGdEi4R9HmPdBv2XmWJ6YUtoTa7lmCw=="
    },
    "uni-global": {
      "version": "1.0.0",
      "resolved": "https://registry.npmjs.org/uni-global/-/uni-global-1.0.0.tgz",
      "integrity": "sha512-WWM3HP+siTxzIWPNUg7hZ4XO8clKi6NoCAJJWnuRL+BAqyFXF8gC03WNyTefGoUXYc47uYgXxpKLIEvo65PEHw==",
      "requires": {
        "type": "^2.5.0"
      }
    },
    "which": {
      "version": "1.3.1",
      "resolved": "https://registry.npmjs.org/which/-/which-1.3.1.tgz",
      "integrity": "sha512-HxJdYWq1MTIQbJ3nw0cqssHoTNU267KlrDuGZ1WYlxDStUtKUhOaJmh112/TZmHxxUfuJqPXSOm7tDyas0OSIQ==",
      "requires": {
        "isexe": "^2.0.0"
      }
    },
    "xmlhttprequest": {
      "version": "1.8.0",
      "resolved": "https://registry.npmjs.org/xmlhttprequest/-/xmlhttprequest-1.8.0.tgz",
      "integrity": "sha512-58Im/U0mlVBLM38NdZjHyhuMtCqa61469k2YP/AaPbvCoV9aQGUpbJBj1QRm2ytRiVQBD/fsw7L2bJGDVQswBA=="
    },
    "yallist": {
      "version": "2.1.2",
      "resolved": "https://registry.npmjs.org/yallist/-/yallist-2.1.2.tgz",
      "integrity": "sha512-ncTzHV7NvsQZkYe1DW7cbDLm0YpzHmZF5r/iyP3ZnQtMiJ+pjzisCiMNI+Sj+xQF5pXhSHxSB3uDbsBTzY/c2A=="
    }
  }
}
